
Microsoft Visual Studio Solution File, Format Version 12.00
# Visual Studio Version 17
VisualStudioVersion = 17.9.34728.123
MinimumVisualStudioVersion = 10.0.40219.1
Project("{FAE04EC0-301F-11D3-BF4B-00C04F79EFBC}") = "DeployApi", "DeployApi\DeployApi.csproj", "{F83CCD34-8957-4DCE-A085-11A4C0DBAD4C}"
EndProject
Global
	GlobalSection(SolutionConfigurationPlatforms) = preSolution
		Debug|Any CPU = Debug|Any CPU
		Release|Any CPU = Release|Any CPU
	EndGlobalSection
	GlobalSection(ProjectConfigurationPlatforms) = postSolution
		{F83CCD34-8957-4DCE-A085-11A4C0DBAD4C}.Debug|Any CPU.ActiveCfg = Debug|Any CPU
		{F83CCD34-8957-4DCE-A085-11A4C0DBAD4C}.Debug|Any CPU.Build.0 = Debug|Any CPU
		{F83CCD34-8957-4DCE-A085-11A4C0DBAD4C}.Release|Any CPU.ActiveCfg = Release|Any CPU
		{F83CCD34-8957-4DCE-A085-11A4C0DBAD4C}.Release|Any CPU.Build.0 = Release|Any CPU
	EndGlobalSection
	GlobalSection(SolutionProperties) = preSolution
		HideSolutionNode = FALSE
	EndGlobalSection
	GlobalSection(ExtensibilityGlobals) = postSolution
		SolutionGuid = {3B69F2B2-1466-4CA1-B46B-8C20EA622DBD}
	EndGlobalSection
EndGlobal
